// !$*UTF8*$!
{
	archiveVersion = 1;
	classes = {
	};
	objectVersion = 48;
	objects = {

/* Begin PBXBuildFile section */
		205A8A322068A668005B39AC /* AppDelegate.swift in Sources */ = {isa = PBXBuildFile; fileRef = 205A8A312068A668005B39AC /* AppDelegate.swift */; };
		205A8A342068A668005B39AC /* ViewController.swift in Sources */ = {isa = PBXBuildFile; fileRef = 205A8A332068A668005B39AC /* ViewController.swift */; };
		205A8A372068A668005B39AC /* Main.storyboard in Resources */ = {isa = PBXBuildFile; fileRef = 205A8A352068A668005B39AC /* Main.storyboard */; };
		205A8A392068A668005B39AC /* Assets.xcassets in Resources */ = {isa = PBXBuildFile; fileRef = 205A8A382068A668005B39AC /* Assets.xcassets */; };
		205A8A3C2068A668005B39AC /* LaunchScreen.storyboard in Resources */ = {isa = PBXBuildFile; fileRef = 205A8A3A2068A668005B39AC /* LaunchScreen.storyboard */; };
		205A8A472068A668005B39AC /* Traffic_Light_SeguesTests.swift in Sources */ = {isa = PBXBuildFile; fileRef = 205A8A462068A668005B39AC /* Traffic_Light_SeguesTests.swift */; };
		205A8A522068A669005B39AC /* Traffic_Light_SeguesUITests.swift in Sources */ = {isa = PBXBuildFile; fileRef = 205A8A512068A669005B39AC /* Traffic_Light_SeguesUITests.swift */; };
/* End PBXBuildFile section */

/* Begin PBXContainerItemProxy section */
		205A8A432068A668005B39AC /* PBXContainerItemProxy */ = {
			isa = PBXContainerItemProxy;
			containerPortal = 205A8A262068A668005B39AC /* Project object */;
			proxyType = 1;
			remoteGlobalIDString = 205A8A2D2068A668005B39AC;
			remoteInfo = "Traffic Light Segues";
		};
		205A8A4E2068A669005B39AC /* PBXContainerItemProxy */ = {
			isa = PBXContainerItemProxy;
			containerPortal = 205A8A262068A668005B39AC /* Project object */;
			proxyType = 1;
			remoteGlobalIDString = 205A8A2D2068A668005B39AC;
			remoteInfo = "Traffic Light Segues";
		};
/* End PBXContainerItemProxy section */

/* Begin PBXFileReference section */
		205A8A2E2068A668005B39AC /* Traffic Light Segues.app */ = {isa = PBXFileReference; explicitFileType = wrapper.application; includeInIndex = 0; path = "Traffic Light Segues.app"; sourceTree = BUILT_PRODUCTS_DIR; };
		205A8A312068A668005B39AC /* AppDelegate.swift */ = {isa = PBXFileReference; lastKnownFileType = sourcecode.swift; path = AppDelegate.swift; sourceTree = "<group>"; };
		205A8A332068A668005B39AC /* ViewController.swift */ = {isa = PBXFileReference; lastKnownFileType = sourcecode.swift; path = ViewController.swift; sourceTree = "<group>"; };
		205A8A362068A668005B39AC /* Base */ = {isa = PBXFileReference; lastKnownFileType = file.storyboard; name = Base; path = Base.lproj/Main.storyboard; sourceTree = "<group>"; };
		205A8A382068A668005B39AC /* Assets.xcassets */ = {isa = PBXFileReference; lastKnownFileType = folder.assetcatalog; path = Assets.xcassets; sourceTree = "<group>"; };
		205A8A3B2068A668005B39AC /* Base */ = {isa = PBXFileReference; lastKnownFileType = file.storyboard; name = Base; path = Base.lproj/LaunchScreen.storyboard; sourceTree = "<group>"; };
		205A8A3D2068A668005B39AC /* Info.plist */ = {isa = PBXFileReference; lastKnownFileType = text.plist.xml; path = Info.plist; sourceTree = "<group>"; };
		205A8A422068A668005B39AC /* Traffic Light SeguesTests.xctest */ = {isa = PBXFileReference; explicitFileType = wrapper.cfbundle; includeInIndex = 0; path = "Traffic Light SeguesTests.xctest"; sourceTree = BUILT_PRODUCTS_DIR; };
		205A8A462068A668005B39AC /* Traffic_Light_SeguesTests.swift */ = {isa = PBXFileReference; lastKnownFileType = sourcecode.swift; path = Traffic_Light_SeguesTests.swift; sourceTree = "<group>"; };
		205A8A482068A669005B39AC /* Info.plist */ = {isa = PBXFileReference; lastKnownFileType = text.plist.xml; path = Info.plist; sourceTree = "<group>"; };
		205A8A4D2068A669005B39AC /* Traffic Light SeguesUITests.xctest */ = {isa = PBXFileReference; explicitFileType = wrapper.cfbundle; includeInIndex = 0; path = "Traffic Light SeguesUITests.xctest"; sourceTree = BUILT_PRODUCTS_DIR; };
		205A8A512068A669005B39AC /* Traffic_Light_SeguesUITests.swift */ = {isa = PBXFileReference; lastKnownFileType = sourcecode.swift; path = Traffic_Light_SeguesUITests.swift; sourceTree = "<group>"; };
		205A8A532068A669005B39AC /* Info.plist */ = {isa = PBXFileReference; lastKnownFileType = text.plist.xml; path = Info.plist; sourceTree = "<group>"; };
/* End PBXFileReference section */

/* Begin PBXFrameworksBuildPhase section */
		205A8A2B2068A668005B39AC /* Frameworks */ = {
			isa = PBXFrameworksBuildPhase;
			buildActionMask = 2147483647;
			files = (
			);
			runOnlyForDeploymentPostprocessing = 0;
		};
		205A8A3F2068A668005B39AC /* Frameworks */ = {
			isa = PBXFrameworksBuildPhase;
			buildActionMask = 2147483647;
			files = (
			);
			runOnlyForDeploymentPostprocessing = 0;
		};
		205A8A4A2068A669005B39AC /* Frameworks */ = {
			isa = PBXFrameworksBuildPhase;
			buildActionMask = 2147483647;
			files = (
			);
			runOnlyForDeploymentPostprocessing = 0;
		};
/* End PBXFrameworksBuildPhase section */

/* Begin PBXGroup section */
		205A8A252068A668005B39AC = {
			isa = PBXGroup;
			children = (
				205A8A302068A668005B39AC /* Traffic Light Segues */,
				205A8A452068A668005B39AC /* Traffic Light SeguesTests */,
				205A8A502068A669005B39AC /* Traffic Light SeguesUITests */,
				205A8A2F2068A668005B39AC /* Products */,
			);
			sourceTree = "<group>";
		};
		205A8A2F2068A668005B39AC /* Products */ = {
			isa = PBXGroup;
			children = (
				205A8A2E2068A668005B39AC /* Traffic Light Segues.app */,
				205A8A422068A668005B39AC /* Traffic Light SeguesTests.xctest */,
				205A8A4D2068A669005B39AC /* Traffic Light SeguesUITests.xctest */,
			);
			name = Products;
			sourceTree = "<group>";
		};
		205A8A302068A668005B39AC /* Traffic Light Segues */ = {
			isa = PBXGroup;
			children = (
				205A8A312068A668005B39AC /* AppDelegate.swift */,
				205A8A332068A668005B39AC /* ViewController.swift */,
				205A8A352068A668005B39AC /* Main.storyboard */,
				205A8A382068A668005B39AC /* Assets.xcassets */,
				205A8A3A2068A668005B39AC /* LaunchScreen.storyboard */,
				205A8A3D2068A668005B39AC /* Info.plist */,
			);
			path = "Traffic Light Segues";
			sourceTree = "<group>";
		};
		205A8A452068A668005B39AC /* Traffic Light SeguesTests */ = {
			isa = PBXGroup;
			children = (
				205A8A462068A668005B39AC /* Traffic_Light_SeguesTests.swift */,
				205A8A482068A669005B39AC /* Info.plist */,
			);
			path = "Traffic Light SeguesTests";
			sourceTree = "<group>";
		};
		205A8A502068A669005B39AC /* Traffic Light SeguesUITests */ = {
			isa = PBXGroup;
			children = (
				205A8A512068A669005B39AC /* Traffic_Light_SeguesUITests.swift */,
				205A8A532068A669005B39AC /* Info.plist */,
			);
			path = "Traffic Light SeguesUITests";
			sourceTree = "<group>";
		};
/* End PBXGroup section */

/* Begin PBXNativeTarget section */
		205A8A2D2068A668005B39AC /* Traffic Light Segues */ = {
			isa = PBXNativeTarget;
			buildConfigurationList = 205A8A562068A669005B39AC /* Build configuration list for PBXNativeTarget "Traffic Light Segues" */;
			buildPhases = (
				205A8A2A2068A668005B39AC /* Sources */,
				205A8A2B2068A668005B39AC /* Frameworks */,
				205A8A2C2068A668005B39AC /* Resources */,
			);
			buildRules = (
			);
			dependencies = (
			);
			name = "Traffic Light Segues";
			productName = "Traffic Light Segues";
			productReference = 205A8A2E2068A668005B39AC /* Traffic Light Segues.app */;
			productType = "com.apple.product-type.application";
		};
		205A8A412068A668005B39AC /* Traffic Light SeguesTests */ = {
			isa = PBXNativeTarget;
			buildConfigurationList = 205A8A592068A669005B39AC /* Build configuration list for PBXNativeTarget "Traffic Light SeguesTests" */;
			buildPhases = (
				205A8A3E2068A668005B39AC /* Sources */,
				205A8A3F2068A668005B39AC /* Frameworks */,
				205A8A402068A668005B39AC /* Resources */,
			);
			buildRules = (
			);
			dependencies = (
				205A8A442068A668005B39AC /* PBXTargetDependency */,
			);
			name = "Traffic Light SeguesTests";
			productName = "Traffic Light SeguesTests";
			productReference = 205A8A422068A668005B39AC /* Traffic Light SeguesTests.xctest */;
			productType = "com.apple.product-type.bundle.unit-test";
		};
		205A8A4C2068A669005B39AC /* Traffic Light SeguesUITests */ = {
			isa = PBXNativeTarget;
			buildConfigurationList = 205A8A5C2068A669005B39AC /* Build configuration list for PBXNativeTarget "Traffic Light SeguesUITests" */;
			buildPhases = (
				205A8A492068A669005B39AC /* Sources */,
				205A8A4A2068A669005B39AC /* Frameworks */,
				205A8A4B2068A669005B39AC /* Resources */,
			);
			buildRules = (
			);
			dependencies = (
				205A8A4F2068A669005B39AC /* PBXTargetDependency */,
			);
			name = "Traffic Light SeguesUITests";
			productName = "Traffic Light SeguesUITests";
			productReference = 205A8A4D2068A669005B39AC /* Traffic Light SeguesUITests.xctest */;
			productType = "com.apple.product-type.bundle.ui-testing";
		};
/* End PBXNativeTarget section */

/* Begin PBXProject section */
		205A8A262068A668005B39AC /* Project object */ = {
			isa = PBXProject;
			attributes = {
				LastSwiftUpdateCheck = 0920;
				LastUpgradeCheck = 0920;
				ORGANIZATIONNAME = "Mikk Noorkõiv";
				TargetAttributes = {
					205A8A2D2068A668005B39AC = {
						CreatedOnToolsVersion = 9.2;
						ProvisioningStyle = Automatic;
					};
					205A8A412068A668005B39AC = {
						CreatedOnToolsVersion = 9.2;
						ProvisioningStyle = Automatic;
						TestTargetID = 205A8A2D2068A668005B39AC;
					};
					205A8A4C2068A669005B39AC = {
						CreatedOnToolsVersion = 9.2;
						ProvisioningStyle = Automatic;
						TestTargetID = 205A8A2D2068A668005B39AC;
					};
				};
			};
			buildConfigurationList = 205A8A292068A668005B39AC /* Build configuration list for PBXProject "Traffic Light Segues" */;
			compatibilityVersion = "Xcode 8.0";
			developmentRegion = en;
			hasScannedForEncodings = 0;
			knownRegions = (
				en,
				Base,
			);
			mainGroup = 205A8A252068A668005B39AC;
			productRefGroup = 205A8A2F2068A668005B39AC /* Products */;
			projectDirPath = "";
			projectRoot = "";
			targets = (
				205A8A2D2068A668005B39AC /* Traffic Light Segues */,
				205A8A412068A668005B39AC /* Traffic Light SeguesTests */,
				205A8A4C2068A669005B39AC /* Traffic Light SeguesUITests */,
			);
		};
/* End PBXProject section */

/* Begin PBXResourcesBuildPhase section */
		205A8A2C2068A668005B39AC /* Resources */ = {
			isa = PBXResourcesBuildPhase;
			buildActionMask = 2147483647;
			files = (
				205A8A3C2068A668005B39AC /* LaunchScreen.storyboard in Resources */,
				205A8A392068A668005B39AC /* Assets.xcassets in Resources */,
				205A8A372068A668005B39AC /* Main.storyboard in Resources */,
			);
			runOnlyForDeploymentPostprocessing = 0;
		};
		205A8A402068A668005B39AC /* Resources */ = {
			isa = PBXResourcesBuildPhase;
			buildActionMask = 2147483647;
			files = (
			);
			runOnlyForDeploymentPostprocessing = 0;
		};
		205A8A4B2068A669005B39AC /* Resources */ = {
			isa = PBXResourcesBuildPhase;
			buildActionMask = 2147483647;
			files = (
			);
			runOnlyForDeploymentPostprocessing = 0;
		};
/* End PBXResourcesBuildPhase section */

/* Begin PBXSourcesBuildPhase section */
		205A8A2A2068A668005B39AC /* Sources */ = {
			isa = PBXSourcesBuildPhase;
			buildActionMask = 2147483647;
			files = (
				205A8A342068A668005B39AC /* ViewController.swift in Sources */,
				205A8A322068A668005B39AC /* AppDelegate.swift in Sources */,
			);
			runOnlyForDeploymentPostprocessing = 0;
		};
		205A8A3E2068A668005B39AC /* Sources */ = {
			isa = PBXSourcesBuildPhase;
			buildActionMask = 2147483647;
			files = (
				205A8A472068A668005B39AC /* Traffic_Light_SeguesTests.swift in Sources */,
			);
			runOnlyForDeploymentPostprocessing = 0;
		};
		205A8A492068A669005B39AC /* Sources */ = {
			isa = PBXSourcesBuildPhase;
			buildActionMask = 2147483647;
			files = (
				205A8A522068A669005B39AC /* Traffic_Light_SeguesUITests.swift in Sources */,
			);
			runOnlyForDeploymentPostprocessing = 0;
		};
/* End PBXSourcesBuildPhase section */

/* Begin PBXTargetDependency section */
		205A8A442068A668005B39AC /* PBXTargetDependency */ = {
			isa = PBXTargetDependency;
			target = 205A8A2D2068A668005B39AC /* Traffic Light Segues */;
			targetProxy = 205A8A432068A668005B39AC /* PBXContainerItemProxy */;
		};
		205A8A4F2068A669005B39AC /* PBXTargetDependency */ = {
			isa = PBXTargetDependency;
			target = 205A8A2D2068A668005B39AC /* Traffic Light Segues */;
			targetProxy = 205A8A4E2068A669005B39AC /* PBXContainerItemProxy */;
		};
/* End PBXTargetDependency section */

/* Begin PBXVariantGroup section */
		205A8A352068A668005B39AC /* Main.storyboard */ = {
			isa = PBXVariantGroup;
			children = (
				205A8A362068A668005B39AC /* Base */,
			);
			name = Main.storyboard;
			sourceTree = "<group>";
		};
		205A8A3A2068A668005B39AC /* LaunchScreen.storyboard */ = {
			isa = PBXVariantGroup;
			children = (
				205A8A3B2068A668005B39AC /* Base */,
			);
			name = LaunchScreen.storyboard;
			sourceTree = "<group>";
		};
/* End PBXVariantGroup section */

/* Begin XCBuildConfiguration section */
		205A8A542068A669005B39AC /* Debug */ = {
			isa = XCBuildConfiguration;
			buildSettings = {
				ALWAYS_SEARCH_USER_PATHS = NO;
				CLANG_ANALYZER_NONNULL = YES;
				CLANG_ANALYZER_NUMBER_OBJECT_CONVERSION = YES_AGGRESSIVE;
				CLANG_CXX_LANGUAGE_STANDARD = "gnu++14";
				CLANG_CXX_LIBRARY = "libc++";
				CLANG_ENABLE_MODULES = YES;
				CLANG_ENABLE_OBJC_ARC = YES;
				CLANG_WARN_BLOCK_CAPTURE_AUTORELEASING = YES;
				CLANG_WARN_BOOL_CONVERSION = YES;
				CLANG_WARN_COMMA = YES;
				CLANG_WARN_CONSTANT_CONVERSION = YES;
				CLANG_WARN_DIRECT_OBJC_ISA_USAGE = YES_ERROR;
				CLANG_WARN_DOCUMENTATION_COMMENTS = YES;
				CLANG_WARN_EMPTY_BODY = YES;
				CLANG_WARN_ENUM_CONVERSION = YES;
				CLANG_WARN_INFINITE_RECURSION = YES;
				CLANG_WARN_INT_CONVERSION = YES;
				CLANG_WARN_NON_LITERAL_NULL_CONVERSION = YES;
				CLANG_WARN_OBJC_LITERAL_CONVERSION = YES;
				CLANG_WARN_OBJC_ROOT_CLASS = YES_ERROR;
				CLANG_WARN_RANGE_LOOP_ANALYSIS = YES;
				CLANG_WARN_STRICT_PROTOTYPES = YES;
				CLANG_WARN_SUSPICIOUS_MOVE = YES;
				CLANG_WARN_UNGUARDED_AVAILABILITY = YES_AGGRESSIVE;
				CLANG_WARN_UNREACHABLE_CODE = YES;
				CLANG_WARN__DUPLICATE_METHOD_MATCH = YES;
				CODE_SIGN_IDENTITY = "iPhone Developer";
				COPY_PHASE_STRIP = NO;
				DEBUG_INFORMATION_FORMAT = dwarf;
				ENABLE_STRICT_OBJC_MSGSEND = YES;
				ENABLE_TESTABILITY = YES;
				GCC_C_LANGUAGE_STANDARD = gnu11;
				GCC_DYNAMIC_NO_PIC = NO;
				GCC_NO_COMMON_BLOCKS = YES;
				GCC_OPTIMIZATION_LEVEL = 0;
				GCC_PREPROCESSOR_DEFINITIONS = (
					"DEBUG=1",
					"$(inherited)",
				);
				GCC_WARN_64_TO_32_BIT_CONVERSION = YES;
				GCC_WARN_ABOUT_RETURN_TYPE = YES_ERROR;
				GCC_WARN_UNDECLARED_SELECTOR = YES;
				GCC_WARN_UNINITIALIZED_AUTOS = YES_AGGRESSIVE;
				GCC_WARN_UNUSED_FUNCTION = YES;
				GCC_WARN_UNUSED_VARIABLE = YES;
				IPHONEOS_DEPLOYMENT_TARGET = 11.2;
				MTL_ENABLE_DEBUG_INFO = YES;
				ONLY_ACTIVE_ARCH = YES;
				SDKROOT = iphoneos;
				SWIFT_ACTIVE_COMPILATION_CONDITIONS = DEBUG;
				SWIFT_OPTIMIZATION_LEVEL = "-Onone";
			};
			name = Debug;
		};
		205A8A552068A669005B39AC /* Release */ = {
			isa = XCBuildConfiguration;
			buildSettings = {
				ALWAYS_SEARCH_USER_PATHS = NO;
				CLANG_ANALYZER_NONNULL = YES;
				CLANG_ANALYZER_NUMBER_OBJECT_CONVERSION = YES_AGGRESSIVE;
				CLANG_CXX_LANGUAGE_STANDARD = "gnu++14";
				CLANG_CXX_LIBRARY = "libc++";
				CLANG_ENABLE_MODULES = YES;
				CLANG_ENABLE_OBJC_ARC = YES;
				CLANG_WARN_BLOCK_CAPTURE_AUTORELEASING = YES;
				CLANG_WARN_BOOL_CONVERSION = YES;
				CLANG_WARN_COMMA = YES;
				CLANG_WARN_CONSTANT_CONVERSION = YES;
				CLANG_WARN_DIRECT_OBJC_ISA_USAGE = YES_ERROR;
				CLANG_WARN_DOCUMENTATION_COMMENTS = YES;
				CLANG_WARN_EMPTY_BODY = YES;
				CLANG_WARN_ENUM_CONVERSION = YES;
				CLANG_WARN_INFINITE_RECURSION = YES;
				CLANG_WARN_INT_CONVERSION = YES;
				CLANG_WARN_NON_LITERAL_NULL_CONVERSION = YES;
				CLANG_WARN_OBJC_LITERAL_CONVERSION = YES;
				CLANG_WARN_OBJC_ROOT_CLASS = YES_ERROR;
				CLANG_WARN_RANGE_LOOP_ANALYSIS = YES;
				CLANG_WARN_STRICT_PROTOTYPES = YES;
				CLANG_WARN_SUSPICIOUS_MOVE = YES;
				CLANG_WARN_UNGUARDED_AVAILABILITY = YES_AGGRESSIVE;
				CLANG_WARN_UNREACHABLE_CODE = YES;
				CLANG_WARN__DUPLICATE_METHOD_MATCH = YES;
				CODE_SIGN_IDENTITY = "iPhone Developer";
				COPY_PHASE_STRIP = NO;
				DEBUG_INFORMATION_FORMAT = "dwarf-with-dsym";
				ENABLE_NS_ASSERTIONS = NO;
				ENABLE_STRICT_OBJC_MSGSEND = YES;
				GCC_C_LANGUAGE_STANDARD = gnu11;
				GCC_NO_COMMON_BLOCKS = YES;
				GCC_WARN_64_TO_32_BIT_CONVERSION = YES;
				GCC_WARN_ABOUT_RETURN_TYPE = YES_ERROR;
				GCC_WARN_UNDECLARED_SELECTOR = YES;
				GCC_WARN_UNINITIALIZED_AUTOS = YES_AGGRESSIVE;
				GCC_WARN_UNUSED_FUNCTION = YES;
				GCC_WARN_UNUSED_VARIABLE = YES;
				IPHONEOS_DEPLOYMENT_TARGET = 11.2;
				MTL_ENABLE_DEBUG_INFO = NO;
				SDKROOT = iphoneos;
				SWIFT_OPTIMIZATION_LEVEL = "-Owholemodule";
				VALIDATE_PRODUCT = YES;
			};
			name = Release;
		};
		205A8A572068A669005B39AC /* Debug */ = {
			isa = XCBuildConfiguration;
			buildSettings = {
				ASSETCATALOG_COMPILER_APPICON_NAME = AppIcon;
				CODE_SIGN_STYLE = Automatic;
				DEVELOPMENT_TEAM = 4EEQ6755M6;
				INFOPLIST_FILE = "Traffic Light Segues/Info.plist";
				LD_RUNPATH_SEARCH_PATHS = "$(inherited) @executable_path/Frameworks";
				PRODUCT_BUNDLE_IDENTIFIER = "mikk.Traffic-Light-Segues";
				PRODUCT_NAME = "$(TARGET_NAME)";
				SWIFT_VERSION = 4.0;
				TARGETED_DEVICE_FAMILY = "1,2";
			};
			name = Debug;
		};
		205A8A582068A669005B39AC /* Release */ = {
			isa = XCBuildConfiguration;
			buildSettings = {
				ASSETCATALOG_COMPILER_APPICON_NAME = AppIcon;
				CODE_SIGN_STYLE = Automatic;
				DEVELOPMENT_TEAM = 4EEQ6755M6;
				INFOPLIST_FILE = "Traffic Light Segues/Info.plist";
				LD_RUNPATH_SEARCH_PATHS = "$(inherited) @executable_path/Frameworks";
				PRODUCT_BUNDLE_IDENTIFIER = "mikk.Traffic-Light-Segues";
				PRODUCT_NAME = "$(TARGET_NAME)";
				SWIFT_VERSION = 4.0;
				TARGETED_DEVICE_FAMILY = "1,2";
			};
			name = Release;
		};
		205A8A5A2068A669005B39AC /* Debug */ = {
			isa = XCBuildConfiguration;
			buildSettings = {
				ALWAYS_EMBED_SWIFT_STANDARD_LIBRARIES = YES;
				BUNDLE_LOADER = "$(TEST_HOST)";
				CODE_SIGN_STYLE = Automatic;
				DEVELOPMENT_TEAM = 4EEQ6755M6;
				INFOPLIST_FILE = "Traffic Light SeguesTests/Info.plist";
				LD_RUNPATH_SEARCH_PATHS = "$(inherited) @executable_path/Frameworks @loader_path/Frameworks";
				PRODUCT_BUNDLE_IDENTIFIER = "mikk.Traffic-Light-SeguesTests";
				PRODUCT_NAME = "$(TARGET_NAME)";
				SWIFT_VERSION = 4.0;
				TARGETED_DEVICE_FAMILY = "1,2";
				TEST_HOST = "$(BUILT_PRODUCTS_DIR)/Traffic Light Segues.app/Traffic Light Segues";
			};
			name = Debug;
		};
		205A8A5B2068A669005B39AC /* Release */ = {
			isa = XCBuildConfiguration;
			buildSettings = {
				ALWAYS_EMBED_SWIFT_STANDARD_LIBRARIES = YES;
				BUNDLE_LOADER = "$(TEST_HOST)";
				CODE_SIGN_STYLE = Automatic;
				DEVELOPMENT_TEAM = 4EEQ6755M6;
				INFOPLIST_FILE = "Traffic Light SeguesTests/Info.plist";
				LD_RUNPATH_SEARCH_PATHS = "$(inherited) @executable_path/Frameworks @loader_path/Frameworks";
				PRODUCT_BUNDLE_IDENTIFIER = "mikk.Traffic-Light-SeguesTests";
				PRODUCT_NAME = "$(TARGET_NAME)";
				SWIFT_VERSION = 4.0;
				TARGETED_DEVICE_FAMILY = "1,2";
				TEST_HOST = "$(BUILT_PRODUCTS_DIR)/Traffic Light Segues.app/Traffic Light Segues";
			};
			name = Release;
		};
		205A8A5D2068A669005B39AC /* Debug */ = {
			isa = XCBuildConfiguration;
			buildSettings = {
				ALWAYS_EMBED_SWIFT_STANDARD_LIBRARIES = YES;
				CODE_SIGN_STYLE = Automatic;
				DEVELOPMENT_TEAM = 4EEQ6755M6;
				INFOPLIST_FILE = "Traffic Light SeguesUITests/Info.plist";
				LD_RUNPATH_SEARCH_PATHS = "$(inherited) @executable_path/Frameworks @loader_path/Frameworks";
				PRODUCT_BUNDLE_IDENTIFIER = "mikk.Traffic-Light-SeguesUITests";
				PRODUCT_NAME = "$(TARGET_NAME)";
				SWIFT_VERSION = 4.0;
				TARGETED_DEVICE_FAMILY = "1,2";
				TEST_TARGET_NAME = "Traffic Light Segues";
			};
			name = Debug;
		};
		205A8A5E2068A669005B39AC /* Release */ = {
			isa = XCBuildConfiguration;
			buildSettings = {
				ALWAYS_EMBED_SWIFT_STANDARD_LIBRARIES = YES;
				CODE_SIGN_STYLE = Automatic;
				DEVELOPMENT_TEAM = 4EEQ6755M6;
				INFOPLIST_FILE = "Traffic Light SeguesUITests/Info.plist";
				LD_RUNPATH_SEARCH_PATHS = "$(inherited) @executable_path/Frameworks @loader_path/Frameworks";
				PRODUCT_BUNDLE_IDENTIFIER = "mikk.Traffic-Light-SeguesUITests";
				PRODUCT_NAME = "$(TARGET_NAME)";
				SWIFT_VERSION = 4.0;
				TARGETED_DEVICE_FAMILY = "1,2";
				TEST_TARGET_NAME = "Traffic Light Segues";
			};
			name = Release;
		};
/* End XCBuildConfiguration section */

/* Begin XCConfigurationList section */
		205A8A292068A668005B39AC /* Build configuration list for PBXProject "Traffic Light Segues" */ = {
			isa = XCConfigurationList;
			buildConfigurations = (
				205A8A542068A669005B39AC /* Debug */,
				205A8A552068A669005B39AC /* Release */,
			);
			defaultConfigurationIsVisible = 0;
			defaultConfigurationName = Release;
		};
		205A8A562068A669005B39AC /* Build configuration list for PBXNativeTarget "Traffic Light Segues" */ = {
			isa = XCConfigurationList;
			buildConfigurations = (
				205A8A572068A669005B39AC /* Debug */,
				205A8A582068A669005B39AC /* Release */,
			);
			defaultConfigurationIsVisible = 0;
			defaultConfigurationName = Release;
		};
		205A8A592068A669005B39AC /* Build configuration list for PBXNativeTarget "Traffic Light SeguesTests" */ = {
			isa = XCConfigurationList;
			buildConfigurations = (
				205A8A5A2068A669005B39AC /* Debug */,
				205A8A5B2068A669005B39AC /* Release */,
			);
			defaultConfigurationIsVisible = 0;
			defaultConfigurationName = Release;
		};
		205A8A5C2068A669005B39AC /* Build configuration list for PBXNativeTarget "Traffic Light SeguesUITests" */ = {
			isa = XCConfigurationList;
			buildConfigurations = (
				205A8A5D2068A669005B39AC /* Debug */,
				205A8A5E2068A669005B39AC /* Release */,
			);
			defaultConfigurationIsVisible = 0;
			defaultConfigurationName = Release;
		};
/* End XCConfigurationList section */
	};
	rootObject = 205A8A262068A668005B39AC /* Project object */;
}
